
Microsoft Visual Studio Solution File, Format Version 12.00
# Visual Studio Version 16
VisualStudioVersion = 16.0.34301.259
MinimumVisualStudioVersion = 10.0.40219.1
Project("{FAE04EC0-301F-11D3-BF4B-00C04F79EFBC}") = "FloorPlanTools", "FloorPlanTools.csproj", "{A99D1556-E684-4217-A410-C391037B7288}"
EndProject
Global
	GlobalSection(SolutionConfigurationPlatforms) = preSolution
		Debug|Any CPU = Debug|Any CPU
		Release|Any CPU = Release|Any CPU
	EndGlobalSection
	GlobalSection(ProjectConfigurationPlatforms) = postSolution
		{A99D1556-E684-4217-A410-C391037B7288}.Debug|Any CPU.ActiveCfg = Debug|Any CPU
		{A99D1556-E684-4217-A410-C391037B7288}.Debug|Any CPU.Build.0 = Debug|Any CPU
		{A99D1556-E684-4217-A410-C391037B7288}.Release|Any CPU.ActiveCfg = Release|Any CPU
		{A99D1556-E684-4217-A410-C391037B7288}.Release|Any CPU.Build.0 = Release|Any CPU
	EndGlobalSection
	GlobalSection(SolutionProperties) = preSolution
		HideSolutionNode = FALSE
	EndGlobalSection
	GlobalSection(ExtensibilityGlobals) = postSolution
		SolutionGuid = {6A399ABE-899F-4EBC-97EF-65DF2F623A19}
	EndGlobalSection
EndGlobal
